
Microsoft Visual Studio Solution File, Format Version 12.00
# Visual Studio 2012
Project("{FAE04EC0-301F-11D3-BF4B-00C04F79EFBC}") = "NetworkCabling", "NetworkCabling\NetworkCabling.csproj", "{6AB0442B-5AD2-43B6-B392-FDE317756D52}"
EndProject
Global
	GlobalSection(SolutionConfigurationPlatforms) = preSolution
		Debug|Any CPU = Debug|Any CPU
		Release|Any CPU = Release|Any CPU
	EndGlobalSection
	GlobalSection(ProjectConfigurationPlatforms) = postSolution
		{6AB0442B-5AD2-43B6-B392-FDE317756D52}.Debug|Any CPU.ActiveCfg = Debug|Any CPU
		{6AB0442B-5AD2-43B6-B392-FDE317756D52}.Debug|Any CPU.Build.0 = Debug|Any CPU
		{6AB0442B-5AD2-43B6-B392-FDE317756D52}.Release|Any CPU.ActiveCfg = Release|Any CPU
		{6AB0442B-5AD2-43B6-B392-FDE317756D52}.Release|Any CPU.Build.0 = Release|Any CPU
	EndGlobalSection
EndGlobal
